
Microsoft Visual Studio Solution File, Format Version 12.00
# Visual Studio Version 17
VisualStudioVersion = 17.9.34902.65
MinimumVisualStudioVersion = 10.0.40219.1
Project("{FAE04EC0-301F-11D3-BF4B-00C04F79EFBC}") = "WorldGenerator", "WorldGenerator\WorldGenerator.csproj", "{7EE516FC-0B0F-4C93-BE6B-A6481B5D4D1E}"
EndProject
Global
	GlobalSection(SolutionConfigurationPlatforms) = preSolution
		Debug|Any CPU = Debug|Any CPU
		Release|Any CPU = Release|Any CPU
	EndGlobalSection
	GlobalSection(ProjectConfigurationPlatforms) = postSolution
		{7EE516FC-0B0F-4C93-BE6B-A6481B5D4D1E}.Debug|Any CPU.ActiveCfg = Debug|Any CPU
		{7EE516FC-0B0F-4C93-BE6B-A6481B5D4D1E}.Debug|Any CPU.Build.0 = Debug|Any CPU
		{7EE516FC-0B0F-4C93-BE6B-A6481B5D4D1E}.Release|Any CPU.ActiveCfg = Release|Any CPU
		{7EE516FC-0B0F-4C93-BE6B-A6481B5D4D1E}.Release|Any CPU.Build.0 = Release|Any CPU
	EndGlobalSection
	GlobalSection(SolutionProperties) = preSolution
		HideSolutionNode = FALSE
	EndGlobalSection
	GlobalSection(ExtensibilityGlobals) = postSolution
		SolutionGuid = {E2CF9B34-AD05-4A01-99D6-94335D329269}
	EndGlobalSection
EndGlobal
